# This file is automatically @generated by Scarb.
# It is not intended for manual editing.
version = 1

[[package]]
name = "nft_scavenger_hunt"
version = "0.1.0"
dependencies = [
 "openzeppelin",
 "starknet",
]

[[package]]
name = "openzeppelin"
version = "0.9.0"
source = "git+https://github.com/OpenZeppelin/cairo-contracts.git?tag=v0.9.0#03e2d4973ffd01b7c8b29b9de1c8e5a8e1b3c8e5"
dependencies = [
 "starknet",
]

[[package]]
name = "starknet"
version = "2.3.1"
source = "registry+https://crates.io/"
checksum = "b8e3c7b85c7b8c7b8c7b8c7b8c7b8c7b8c7b8c7b8c7b8c7b8c7b8c7b8c7b8c7b8"
